
Microsoft Visual Studio Solution File, Format Version 12.00
Project("{2150E333-8FDC-42A3-9474-1A3956D46DE8}") = "src", "src", "{20CF0224-8A78-4B91-BED2-D4D0B676743F}"
EndProject
Project("{FAE04EC0-301F-11D3-BF4B-00C04F79EFBC}") = "ToDo.Domain", "src\ToDo.Domain\ToDo.Domain.csproj", "{43120A43-6662-413C-AFD0-887567AA0180}"
EndProject
Project("{FAE04EC0-301F-11D3-BF4B-00C04F79EFBC}") = "ToDo.Core", "src\ToDo.Core\ToDo.Core.csproj", "{650F4A3B-DB2A-4F11-B35E-8747FFFF54E1}"
EndProject
Project("{FAE04EC0-301F-11D3-BF4B-00C04F79EFBC}") = "ToDo.WebApi", "src\ToDo.WebApi\ToDo.WebApi.csproj", "{F2765580-C8A6-4214-B414-46F3E1E26983}"
EndProject
Global
	GlobalSection(SolutionConfigurationPlatforms) = preSolution
		Debug|Any CPU = Debug|Any CPU
		Release|Any CPU = Release|Any CPU
	EndGlobalSection
	GlobalSection(NestedProjects) = preSolution
		{43120A43-6662-413C-AFD0-887567AA0180} = {20CF0224-8A78-4B91-BED2-D4D0B676743F}
		{650F4A3B-DB2A-4F11-B35E-8747FFFF54E1} = {20CF0224-8A78-4B91-BED2-D4D0B676743F}
		{F2765580-C8A6-4214-B414-46F3E1E26983} = {20CF0224-8A78-4B91-BED2-D4D0B676743F}
	EndGlobalSection
	GlobalSection(ProjectConfigurationPlatforms) = postSolution
		{43120A43-6662-413C-AFD0-887567AA0180}.Debug|Any CPU.ActiveCfg = Debug|Any CPU
		{43120A43-6662-413C-AFD0-887567AA0180}.Debug|Any CPU.Build.0 = Debug|Any CPU
		{43120A43-6662-413C-AFD0-887567AA0180}.Release|Any CPU.ActiveCfg = Release|Any CPU
		{43120A43-6662-413C-AFD0-887567AA0180}.Release|Any CPU.Build.0 = Release|Any CPU
		{650F4A3B-DB2A-4F11-B35E-8747FFFF54E1}.Debug|Any CPU.ActiveCfg = Debug|Any CPU
		{650F4A3B-DB2A-4F11-B35E-8747FFFF54E1}.Debug|Any CPU.Build.0 = Debug|Any CPU
		{650F4A3B-DB2A-4F11-B35E-8747FFFF54E1}.Release|Any CPU.ActiveCfg = Release|Any CPU
		{650F4A3B-DB2A-4F11-B35E-8747FFFF54E1}.Release|Any CPU.Build.0 = Release|Any CPU
		{F2765580-C8A6-4214-B414-46F3E1E26983}.Debug|Any CPU.ActiveCfg = Debug|Any CPU
		{F2765580-C8A6-4214-B414-46F3E1E26983}.Debug|Any CPU.Build.0 = Debug|Any CPU
		{F2765580-C8A6-4214-B414-46F3E1E26983}.Release|Any CPU.ActiveCfg = Release|Any CPU
		{F2765580-C8A6-4214-B414-46F3E1E26983}.Release|Any CPU.Build.0 = Release|Any CPU
	EndGlobalSection
EndGlobal
